{
    "name": "styletron-react-helpers",
    "version": "0.2.2",
    "lockfileVersion": 1,
    "requires": true,
    "dependencies": {
        "@rtsao/csstype": {
            "version": "2.6.5-forked.0",
            "resolved": "https://registry.npmjs.org/@rtsao/csstype/-/csstype-2.6.5-forked.0.tgz",
            "integrity": "sha512-0HwnY8uPWcCloTgdbbaJG3MbDUfNf6yKWZfCKxFv9yj2Sbp4mSKaIjC7Cr/5L4hMxvrrk85CU3wlAg7EtBBJ1Q==",
            "dev": true
        },
        "css-in-js-utils": {
            "version": "2.0.1",
            "resolved": "https://registry.npmjs.org/css-in-js-utils/-/css-in-js-utils-2.0.1.tgz",
            "integrity": "sha512-PJF0SpJT+WdbVVt0AOYp9C8GnuruRlL/UFW7932nLWmFLQTaWEzTBQEx7/hn4BuV+WON75iAViSUJLiU3PKbpA==",
            "dev": true,
            "requires": {
                "hyphenate-style-name": "^1.0.2",
                "isobject": "^3.0.1"
            }
        },
        "hyphenate-style-name": {
            "version": "1.0.4",
            "resolved": "https://registry.npmjs.org/hyphenate-style-name/-/hyphenate-style-name-1.0.4.tgz",
            "integrity": "sha512-ygGZLjmXfPHj+ZWh6LwbC37l43MhfztxetbFCoYTM2VjkIUpeHgSNn7QIyVFj7YQ1Wl9Cbw5sholVJPzWvC2MQ==",
            "dev": true
        },
        "inline-style-prefixer": {
            "version": "5.1.2",
            "resolved": "https://registry.npmjs.org/inline-style-prefixer/-/inline-style-prefixer-5.1.2.tgz",
            "integrity": "sha512-PYUF+94gDfhy+LsQxM0g3d6Hge4l1pAqOSOiZuHWzMvQEGsbRQ/ck2WioLqrY2ZkHyPgVUXxn+hrkF7D6QUGbA==",
            "dev": true,
            "requires": {
                "css-in-js-utils": "^2.0.0"
            }
        },
        "isobject": {
            "version": "3.0.1",
            "resolved": "https://registry.npmjs.org/isobject/-/isobject-3.0.1.tgz",
            "integrity": "sha1-TkMekrEalzFjaqH5yNHMvP2reN8=",
            "dev": true
        },
        "js-tokens": {
            "version": "4.0.0",
            "resolved": "https://registry.npmjs.org/js-tokens/-/js-tokens-4.0.0.tgz",
            "integrity": "sha512-RdJUflcE3cUzKiMqQgsCu06FPu9UdIJO0beYbPhHN4k6apgJtifcoCtT9bcxOpYBtpD2kCM6Sbzg4CausW/PKQ==",
            "dev": true
        },
        "loose-envify": {
            "version": "1.4.0",
            "resolved": "https://registry.npmjs.org/loose-envify/-/loose-envify-1.4.0.tgz",
            "integrity": "sha512-lyuxPGr/Wfhrlem2CL/UcnUc1zcqKAImBDzukY7Y5F/yQiNdko6+fRLevlw1HgMySw7f611UIY408EtxRSoK3Q==",
            "dev": true,
            "requires": {
                "js-tokens": "^3.0.0 || ^4.0.0"
            }
        },
        "object-assign": {
            "version": "4.1.1",
            "resolved": "https://registry.npmjs.org/object-assign/-/object-assign-4.1.1.tgz",
            "integrity": "sha1-IQmtx5ZYh8/AXLvUQsrIv7s2CGM=",
            "dev": true
        },
        "prop-types": {
            "version": "15.7.2",
            "resolved": "https://registry.npmjs.org/prop-types/-/prop-types-15.7.2.tgz",
            "integrity": "sha512-8QQikdH7//R2vurIJSutZ1smHYTcLpRWEOlHnzcWHmBYrOGUysKwSsrC89BCiFj3CbrfJ/nXFdJepOVrY1GCHQ==",
            "dev": true,
            "requires": {
                "loose-envify": "^1.4.0",
                "object-assign": "^4.1.1",
                "react-is": "^16.8.1"
            }
        },
        "react": {
            "version": "16.14.0",
            "resolved": "https://registry.npmjs.org/react/-/react-16.14.0.tgz",
            "integrity": "sha512-0X2CImDkJGApiAlcf0ODKIneSwBPhqJawOa5wCtKbu7ZECrmS26NvtSILynQ66cgkT/RJ4LidJOc3bUESwmU8g==",
            "dev": true,
            "requires": {
                "loose-envify": "^1.1.0",
                "object-assign": "^4.1.1",
                "prop-types": "^15.6.2"
            }
        },
        "react-is": {
            "version": "16.13.1",
            "resolved": "https://registry.npmjs.org/react-is/-/react-is-16.13.1.tgz",
            "integrity": "sha512-24e6ynE2H+OKt4kqsOvNd8kBpV65zoxbA4BVsEOB3ARVWQki/DHzaUoC5KuON/BiccDaCCTZBuOcfZs70kR8bQ==",
            "dev": true
        },
        "standard-functions": {
            "version": "github:sekwiatkowski/standard-functions#3d2e15dd94e21675401114d3463ae67a9868d6b5",
            "from": "github:sekwiatkowski/standard-functions#v0.23.3",
            "dev": true
        },
        "styletron-react": {
            "version": "5.2.7",
            "resolved": "https://registry.npmjs.org/styletron-react/-/styletron-react-5.2.7.tgz",
            "integrity": "sha512-PUUf7MAv9aaO8oT0B4ryPreeLi3BT1kQ7WIDNhkkpLkvCzk+pOvmtaZJJZRIxWPimj8756rLZqpF7/2ssF9KhQ==",
            "dev": true,
            "requires": {
                "prop-types": "^15.6.0",
                "styletron-standard": "^3.0.4"
            }
        },
        "styletron-standard": {
            "version": "3.0.4",
            "resolved": "https://registry.npmjs.org/styletron-standard/-/styletron-standard-3.0.4.tgz",
            "integrity": "sha512-AozOYUEtB5m0s+6ieLCObqYsBitLJmag3IoD/yg0Y9X32AYKwtGO4emx9cljD25k2S/R1XmLPgThOU+orjXTKg==",
            "dev": true,
            "requires": {
                "@rtsao/csstype": "2.6.5-forked.0",
                "inline-style-prefixer": "^5.1.0"
            }
        }
    }
}
